
Microsoft Visual Studio Solution File, Format Version 12.00
# Visual Studio Version 16
VisualStudioVersion = 16.0.29613.14
MinimumVisualStudioVersion = 10.0.40219.1
Project("{9A19103F-16F7-4668-BE54-9A1E7A4F7556}") = "HappyTravel.CurrencyConverterApi", "HappyTravel.CurrencyConverterApi\HappyTravel.CurrencyConverterApi.csproj", "{B1BCB5A2-8EA7-4817-A87F-4DC94A44CC5F}"
EndProject
Project("{9A19103F-16F7-4668-BE54-9A1E7A4F7556}") = "HappyTravel.CurrencyConverterApiTests", "HappyTravel.CurrencyConverterApiTests\HappyTravel.CurrencyConverterApiTests.csproj", "{C13B7ABD-D2FA-4EAF-B55E-9522D07B2D46}"
EndProject
Project("{FAE04EC0-301F-11D3-BF4B-00C04F79EFBC}") = "HappyTravel.CurrencyConverter", "HappyTravel.CurrencyConverter\HappyTravel.CurrencyConverter.csproj", "{87596F1A-4E87-4347-AB2E-3AC2350AF612}"
EndProject
Project("{FAE04EC0-301F-11D3-BF4B-00C04F79EFBC}") = "HappyTravel.CurrencyConverterTests", "HappyTravel.CurrencyConverterTests\HappyTravel.CurrencyConverterTests.csproj", "{CAA41846-8FFB-48A4-809D-04F9F93005D5}"
EndProject
Global
	GlobalSection(SolutionConfigurationPlatforms) = preSolution
		Debug|Any CPU = Debug|Any CPU
		Release|Any CPU = Release|Any CPU
	EndGlobalSection
	GlobalSection(ProjectConfigurationPlatforms) = postSolution
		{B1BCB5A2-8EA7-4817-A87F-4DC94A44CC5F}.Debug|Any CPU.ActiveCfg = Debug|Any CPU
		{B1BCB5A2-8EA7-4817-A87F-4DC94A44CC5F}.Debug|Any CPU.Build.0 = Debug|Any CPU
		{B1BCB5A2-8EA7-4817-A87F-4DC94A44CC5F}.Release|Any CPU.ActiveCfg = Release|Any CPU
		{B1BCB5A2-8EA7-4817-A87F-4DC94A44CC5F}.Release|Any CPU.Build.0 = Release|Any CPU
		{C13B7ABD-D2FA-4EAF-B55E-9522D07B2D46}.Debug|Any CPU.ActiveCfg = Debug|Any CPU
		{C13B7ABD-D2FA-4EAF-B55E-9522D07B2D46}.Debug|Any CPU.Build.0 = Debug|Any CPU
		{C13B7ABD-D2FA-4EAF-B55E-9522D07B2D46}.Release|Any CPU.ActiveCfg = Release|Any CPU
		{C13B7ABD-D2FA-4EAF-B55E-9522D07B2D46}.Release|Any CPU.Build.0 = Release|Any CPU
		{87596F1A-4E87-4347-AB2E-3AC2350AF612}.Debug|Any CPU.ActiveCfg = Debug|Any CPU
		{87596F1A-4E87-4347-AB2E-3AC2350AF612}.Debug|Any CPU.Build.0 = Debug|Any CPU
		{87596F1A-4E87-4347-AB2E-3AC2350AF612}.Release|Any CPU.ActiveCfg = Release|Any CPU
		{87596F1A-4E87-4347-AB2E-3AC2350AF612}.Release|Any CPU.Build.0 = Release|Any CPU
		{CAA41846-8FFB-48A4-809D-04F9F93005D5}.Debug|Any CPU.ActiveCfg = Debug|Any CPU
		{CAA41846-8FFB-48A4-809D-04F9F93005D5}.Debug|Any CPU.Build.0 = Debug|Any CPU
		{CAA41846-8FFB-48A4-809D-04F9F93005D5}.Release|Any CPU.ActiveCfg = Release|Any CPU
		{CAA41846-8FFB-48A4-809D-04F9F93005D5}.Release|Any CPU.Build.0 = Release|Any CPU
	EndGlobalSection
	GlobalSection(SolutionProperties) = preSolution
		HideSolutionNode = FALSE
	EndGlobalSection
	GlobalSection(ExtensibilityGlobals) = postSolution
		SolutionGuid = {126E8913-B5D6-492D-8EF5-037A2D5E8B1F}
	EndGlobalSection
EndGlobal
