
Microsoft Visual Studio Solution File, Format Version 12.00
# Visual Studio Version 16
VisualStudioVersion = 16.0.29613.14
MinimumVisualStudioVersion = 10.0.40219.1
Project("{9A19103F-16F7-4668-BE54-9A1E7A4F7556}") = "HappyTravel.Tsutsujigasaki.Api", "HappyTravel.Tsutsujigasaki.Api\HappyTravel.Tsutsujigasaki.Api.csproj", "{FEFFD2EC-CBC1-4E31-B775-88626B435DEE}"
EndProject
Project("{9A19103F-16F7-4668-BE54-9A1E7A4F7556}") = "HappyTravel.Tsutsujigasaki.UnitTests", "HappyTravel.Tsutsujigasaki.UnitTests\HappyTravel.Tsutsujigasaki.UnitTests.csproj", "{BBDBC2FF-67D4-4FFE-A074-A4DB31D154A7}"
EndProject
Global
	GlobalSection(SolutionConfigurationPlatforms) = preSolution
		Debug|Any CPU = Debug|Any CPU
		Release|Any CPU = Release|Any CPU
	EndGlobalSection
	GlobalSection(ProjectConfigurationPlatforms) = postSolution
		{FEFFD2EC-CBC1-4E31-B775-88626B435DEE}.Debug|Any CPU.ActiveCfg = Debug|Any CPU
		{FEFFD2EC-CBC1-4E31-B775-88626B435DEE}.Debug|Any CPU.Build.0 = Debug|Any CPU
		{FEFFD2EC-CBC1-4E31-B775-88626B435DEE}.Release|Any CPU.ActiveCfg = Release|Any CPU
		{FEFFD2EC-CBC1-4E31-B775-88626B435DEE}.Release|Any CPU.Build.0 = Release|Any CPU
		{BBDBC2FF-67D4-4FFE-A074-A4DB31D154A7}.Debug|Any CPU.ActiveCfg = Debug|Any CPU
		{BBDBC2FF-67D4-4FFE-A074-A4DB31D154A7}.Debug|Any CPU.Build.0 = Debug|Any CPU
		{BBDBC2FF-67D4-4FFE-A074-A4DB31D154A7}.Release|Any CPU.ActiveCfg = Release|Any CPU
		{BBDBC2FF-67D4-4FFE-A074-A4DB31D154A7}.Release|Any CPU.Build.0 = Release|Any CPU
	EndGlobalSection
	GlobalSection(SolutionProperties) = preSolution
		HideSolutionNode = FALSE
	EndGlobalSection
	GlobalSection(ExtensibilityGlobals) = postSolution
		SolutionGuid = {126E8913-B5D6-492D-8EF5-037A2D5E8B1F}
	EndGlobalSection
EndGlobal
