
Microsoft Visual Studio Solution File, Format Version 12.00
# Visual Studio Version 16
VisualStudioVersion = 16.0.29613.14
MinimumVisualStudioVersion = 10.0.40219.1
Project("{9A19103F-16F7-4668-BE54-9A1E7A4F7556}") = "HappyTravel.Tsutsujigasaki.Api", "HappyTravel.Tsutsujigasaki.Api\HappyTravel.Tsutsujigasaki.Api.csproj", "{047E9623-63AA-436A-BBD6-6DCB494429BB}"
EndProject
Project("{9A19103F-16F7-4668-BE54-9A1E7A4F7556}") = "HappyTravel.Tsutsujigasaki.UnitTests", "HappyTravel.Tsutsujigasaki.UnitTests\HappyTravel.Tsutsujigasaki.UnitTests.csproj", "{4B6AF801-BB2A-462F-9708-AB6F92479A36}"
EndProject
Global
	GlobalSection(SolutionConfigurationPlatforms) = preSolution
		Debug|Any CPU = Debug|Any CPU
		Release|Any CPU = Release|Any CPU
	EndGlobalSection
	GlobalSection(ProjectConfigurationPlatforms) = postSolution
		{047E9623-63AA-436A-BBD6-6DCB494429BB}.Debug|Any CPU.ActiveCfg = Debug|Any CPU
		{047E9623-63AA-436A-BBD6-6DCB494429BB}.Debug|Any CPU.Build.0 = Debug|Any CPU
		{047E9623-63AA-436A-BBD6-6DCB494429BB}.Release|Any CPU.ActiveCfg = Release|Any CPU
		{047E9623-63AA-436A-BBD6-6DCB494429BB}.Release|Any CPU.Build.0 = Release|Any CPU
		{4B6AF801-BB2A-462F-9708-AB6F92479A36}.Debug|Any CPU.ActiveCfg = Debug|Any CPU
		{4B6AF801-BB2A-462F-9708-AB6F92479A36}.Debug|Any CPU.Build.0 = Debug|Any CPU
		{4B6AF801-BB2A-462F-9708-AB6F92479A36}.Release|Any CPU.ActiveCfg = Release|Any CPU
		{4B6AF801-BB2A-462F-9708-AB6F92479A36}.Release|Any CPU.Build.0 = Release|Any CPU
	EndGlobalSection
	GlobalSection(SolutionProperties) = preSolution
		HideSolutionNode = FALSE
	EndGlobalSection
	GlobalSection(ExtensibilityGlobals) = postSolution
		SolutionGuid = {126E8913-B5D6-492D-8EF5-037A2D5E8B1F}
	EndGlobalSection
EndGlobal
