
Microsoft Visual Studio Solution File, Format Version 12.00
# Visual Studio Version 16
VisualStudioVersion = 16.0.29613.14
MinimumVisualStudioVersion = 10.0.40219.1
Project("{9A19103F-16F7-4668-BE54-9A1E7A4F7556}") = "HappyTravel.CurrencyConverter", "HappyTravel.CurrencyConverter\HappyTravel.CurrencyConverter.csproj", "{9983182D-498D-40EB-A380-FB9D89046505}"
EndProject
Project("{FAE04EC0-301F-11D3-BF4B-00C04F79EFBC}") = "HappyTravel.CurrencyConverterTests", "HappyTravel.CurrencyConverterTests\HappyTravel.CurrencyConverterTests.csproj", "{810F4F52-825A-49A2-819E-2D5F244C0ABB}"
EndProject
Global
	GlobalSection(SolutionConfigurationPlatforms) = preSolution
		Debug|Any CPU = Debug|Any CPU
		Release|Any CPU = Release|Any CPU
	EndGlobalSection
	GlobalSection(ProjectConfigurationPlatforms) = postSolution
		{9983182D-498D-40EB-A380-FB9D89046505}.Debug|Any CPU.ActiveCfg = Debug|Any CPU
		{9983182D-498D-40EB-A380-FB9D89046505}.Debug|Any CPU.Build.0 = Debug|Any CPU
		{9983182D-498D-40EB-A380-FB9D89046505}.Release|Any CPU.ActiveCfg = Release|Any CPU
		{9983182D-498D-40EB-A380-FB9D89046505}.Release|Any CPU.Build.0 = Release|Any CPU
		{810F4F52-825A-49A2-819E-2D5F244C0ABB}.Debug|Any CPU.ActiveCfg = Debug|Any CPU
		{810F4F52-825A-49A2-819E-2D5F244C0ABB}.Debug|Any CPU.Build.0 = Debug|Any CPU
		{810F4F52-825A-49A2-819E-2D5F244C0ABB}.Release|Any CPU.ActiveCfg = Release|Any CPU
		{810F4F52-825A-49A2-819E-2D5F244C0ABB}.Release|Any CPU.Build.0 = Release|Any CPU
	EndGlobalSection
	GlobalSection(SolutionProperties) = preSolution
		HideSolutionNode = FALSE
	EndGlobalSection
	GlobalSection(ExtensibilityGlobals) = postSolution
		SolutionGuid = {126E8913-B5D6-492D-8EF5-037A2D5E8B1F}
	EndGlobalSection
EndGlobal
